
Microsoft Visual Studio Solution File, Format Version 12.00
# Visual Studio 15
VisualStudioVersion = 15.0.26124.0
MinimumVisualStudioVersion = 15.0.26124.0
Project("{2150E333-8FDC-42A3-9474-1A3956D46DE8}") = "src", "src", "{28242854-9294-4B08-B03E-1084D865590C}"
EndProject
Project("{9A19103F-16F7-4668-BE54-9A1E7A4F7556}") = "TfsNotifications", "src\TfsNotifications\TfsNotifications.csproj", "{1BFC4B2D-6278-4EC4-91A0-FF0943830C91}"
EndProject
Project("{2150E333-8FDC-42A3-9474-1A3956D46DE8}") = "control", "control", "{95E86582-279B-421A-A06A-18D06338D51C}"
	ProjectSection(SolutionItems) = preProject
		control\publish.ps1 = control\publish.ps1
	EndProjectSection
EndProject
Global
	GlobalSection(SolutionConfigurationPlatforms) = preSolution
		Debug|Any CPU = Debug|Any CPU
		Debug|x64 = Debug|x64
		Debug|x86 = Debug|x86
		Release|Any CPU = Release|Any CPU
		Release|x64 = Release|x64
		Release|x86 = Release|x86
	EndGlobalSection
	GlobalSection(ProjectConfigurationPlatforms) = postSolution
		{1BFC4B2D-6278-4EC4-91A0-FF0943830C91}.Debug|Any CPU.ActiveCfg = Debug|Any CPU
		{1BFC4B2D-6278-4EC4-91A0-FF0943830C91}.Debug|Any CPU.Build.0 = Debug|Any CPU
		{1BFC4B2D-6278-4EC4-91A0-FF0943830C91}.Debug|x64.ActiveCfg = Debug|Any CPU
		{1BFC4B2D-6278-4EC4-91A0-FF0943830C91}.Debug|x64.Build.0 = Debug|Any CPU
		{1BFC4B2D-6278-4EC4-91A0-FF0943830C91}.Debug|x86.ActiveCfg = Debug|Any CPU
		{1BFC4B2D-6278-4EC4-91A0-FF0943830C91}.Debug|x86.Build.0 = Debug|Any CPU
		{1BFC4B2D-6278-4EC4-91A0-FF0943830C91}.Release|Any CPU.ActiveCfg = Release|Any CPU
		{1BFC4B2D-6278-4EC4-91A0-FF0943830C91}.Release|Any CPU.Build.0 = Release|Any CPU
		{1BFC4B2D-6278-4EC4-91A0-FF0943830C91}.Release|x64.ActiveCfg = Release|Any CPU
		{1BFC4B2D-6278-4EC4-91A0-FF0943830C91}.Release|x64.Build.0 = Release|Any CPU
		{1BFC4B2D-6278-4EC4-91A0-FF0943830C91}.Release|x86.ActiveCfg = Release|Any CPU
		{1BFC4B2D-6278-4EC4-91A0-FF0943830C91}.Release|x86.Build.0 = Release|Any CPU
	EndGlobalSection
	GlobalSection(SolutionProperties) = preSolution
		HideSolutionNode = FALSE
	EndGlobalSection
	GlobalSection(NestedProjects) = preSolution
		{1BFC4B2D-6278-4EC4-91A0-FF0943830C91} = {28242854-9294-4B08-B03E-1084D865590C}
	EndGlobalSection
	GlobalSection(ExtensibilityGlobals) = postSolution
		SolutionGuid = {12E6E816-F5E6-4193-A038-A4519E36C971}
	EndGlobalSection
EndGlobal
